// !$*UTF8*$!
{
	archiveVersion = 1;
	classes = {
	};
	objectVersion = 48;
	objects = {

/* Begin PBXBuildFile section */
		459D001D1F9D9E1D0087BBF1 /* AppDelegate.m in Sources */ = {isa = PBXBuildFile; fileRef = 459D001C1F9D9E1D0087BBF1 /* AppDelegate.m */; };
		459D00201F9D9E1D0087BBF1 /* ViewController.m in Sources */ = {isa = PBXBuildFile; fileRef = 459D001F1F9D9E1D0087BBF1 /* ViewController.m */; };
		459D00231F9D9E1D0087BBF1 /* Main.storyboard in Resources */ = {isa = PBXBuildFile; fileRef = 459D00211F9D9E1D0087BBF1 /* Main.storyboard */; };
		459D00251F9D9E1D0087BBF1 /* Assets.xcassets in Resources */ = {isa = PBXBuildFile; fileRef = 459D00241F9D9E1D0087BBF1 /* Assets.xcassets */; };
		459D00281F9D9E1D0087BBF1 /* LaunchScreen.storyboard in Resources */ = {isa = PBXBuildFile; fileRef = 459D00261F9D9E1D0087BBF1 /* LaunchScreen.storyboard */; };
		459D002B1F9D9E1D0087BBF1 /* main.m in Sources */ = {isa = PBXBuildFile; fileRef = 459D002A1F9D9E1D0087BBF1 /* main.m */; };
		459D00351F9D9E1D0087BBF1 /* DatePickerTests.m in Sources */ = {isa = PBXBuildFile; fileRef = 459D00341F9D9E1D0087BBF1 /* DatePickerTests.m */; };
		459D00401F9D9E1D0087BBF1 /* DatePickerUITests.m in Sources */ = {isa = PBXBuildFile; fileRef = 459D003F1F9D9E1D0087BBF1 /* DatePickerUITests.m */; };
/* End PBXBuildFile section */

/* Begin PBXContainerItemProxy section */
		459D00311F9D9E1D0087BBF1 /* PBXContainerItemProxy */ = {
			isa = PBXContainerItemProxy;
			containerPortal = 459D00101F9D9E1D0087BBF1 /* Project object */;
			proxyType = 1;
			remoteGlobalIDString = 459D00171F9D9E1D0087BBF1;
			remoteInfo = DatePicker;
		};
		459D003C1F9D9E1D0087BBF1 /* PBXContainerItemProxy */ = {
			isa = PBXContainerItemProxy;
			containerPortal = 459D00101F9D9E1D0087BBF1 /* Project object */;
			proxyType = 1;
			remoteGlobalIDString = 459D00171F9D9E1D0087BBF1;
			remoteInfo = DatePicker;
		};
/* End PBXContainerItemProxy section */

/* Begin PBXFileReference section */
		459D00181F9D9E1D0087BBF1 /* DatePicker.app */ = {isa = PBXFileReference; explicitFileType = wrapper.application; includeInIndex = 0; path = DatePicker.app; sourceTree = BUILT_PRODUCTS_DIR; };
		459D001B1F9D9E1D0087BBF1 /* AppDelegate.h */ = {isa = PBXFileReference; lastKnownFileType = sourcecode.c.h; path = AppDelegate.h; sourceTree = "<group>"; };
		459D001C1F9D9E1D0087BBF1 /* AppDelegate.m */ = {isa = PBXFileReference; lastKnownFileType = sourcecode.c.objc; path = AppDelegate.m; sourceTree = "<group>"; };
		459D001E1F9D9E1D0087BBF1 /* ViewController.h */ = {isa = PBXFileReference; lastKnownFileType = sourcecode.c.h; path = ViewController.h; sourceTree = "<group>"; };
		459D001F1F9D9E1D0087BBF1 /* ViewController.m */ = {isa = PBXFileReference; lastKnownFileType = sourcecode.c.objc; path = ViewController.m; sourceTree = "<group>"; };
		459D00221F9D9E1D0087BBF1 /* Base */ = {isa = PBXFileReference; lastKnownFileType = file.storyboard; name = Base; path = Base.lproj/Main.storyboard; sourceTree = "<group>"; };
		459D00241F9D9E1D0087BBF1 /* Assets.xcassets */ = {isa = PBXFileReference; lastKnownFileType = folder.assetcatalog; path = Assets.xcassets; sourceTree = "<group>"; };
		459D00271F9D9E1D0087BBF1 /* Base */ = {isa = PBXFileReference; lastKnownFileType = file.storyboard; name = Base; path = Base.lproj/LaunchScreen.storyboard; sourceTree = "<group>"; };
		459D00291F9D9E1D0087BBF1 /* Info.plist */ = {isa = PBXFileReference; lastKnownFileType = text.plist.xml; path = Info.plist; sourceTree = "<group>"; };
		459D002A1F9D9E1D0087BBF1 /* main.m */ = {isa = PBXFileReference; lastKnownFileType = sourcecode.c.objc; path = main.m; sourceTree = "<group>"; };
		459D00301F9D9E1D0087BBF1 /* DatePickerTests.xctest */ = {isa = PBXFileReference; explicitFileType = wrapper.cfbundle; includeInIndex = 0; path = DatePickerTests.xctest; sourceTree = BUILT_PRODUCTS_DIR; };
		459D00341F9D9E1D0087BBF1 /* DatePickerTests.m */ = {isa = PBXFileReference; lastKnownFileType = sourcecode.c.objc; path = DatePickerTests.m; sourceTree = "<group>"; };
		459D00361F9D9E1D0087BBF1 /* Info.plist */ = {isa = PBXFileReference; lastKnownFileType = text.plist.xml; path = Info.plist; sourceTree = "<group>"; };
		459D003B1F9D9E1D0087BBF1 /* DatePickerUITests.xctest */ = {isa = PBXFileReference; explicitFileType = wrapper.cfbundle; includeInIndex = 0; path = DatePickerUITests.xctest; sourceTree = BUILT_PRODUCTS_DIR; };
		459D003F1F9D9E1D0087BBF1 /* DatePickerUITests.m */ = {isa = PBXFileReference; lastKnownFileType = sourcecode.c.objc; path = DatePickerUITests.m; sourceTree = "<group>"; };
		459D00411F9D9E1D0087BBF1 /* Info.plist */ = {isa = PBXFileReference; lastKnownFileType = text.plist.xml; path = Info.plist; sourceTree = "<group>"; };
/* End PBXFileReference section */

/* Begin PBXFrameworksBuildPhase section */
		459D00151F9D9E1D0087BBF1 /* Frameworks */ = {
			isa = PBXFrameworksBuildPhase;
			buildActionMask = 2147483647;
			files = (
			);
			runOnlyForDeploymentPostprocessing = 0;
		};
		459D002D1F9D9E1D0087BBF1 /* Frameworks */ = {
			isa = PBXFrameworksBuildPhase;
			buildActionMask = 2147483647;
			files = (
			);
			runOnlyForDeploymentPostprocessing = 0;
		};
		459D00381F9D9E1D0087BBF1 /* Frameworks */ = {
			isa = PBXFrameworksBuildPhase;
			buildActionMask = 2147483647;
			files = (
			);
			runOnlyForDeploymentPostprocessing = 0;
		};
/* End PBXFrameworksBuildPhase section */

/* Begin PBXGroup section */
		459D000F1F9D9E1D0087BBF1 = {
			isa = PBXGroup;
			children = (
				459D001A1F9D9E1D0087BBF1 /* DatePicker */,
				459D00331F9D9E1D0087BBF1 /* DatePickerTests */,
				459D003E1F9D9E1D0087BBF1 /* DatePickerUITests */,
				459D00191F9D9E1D0087BBF1 /* Products */,
			);
			sourceTree = "<group>";
		};
		459D00191F9D9E1D0087BBF1 /* Products */ = {
			isa = PBXGroup;
			children = (
				459D00181F9D9E1D0087BBF1 /* DatePicker.app */,
				459D00301F9D9E1D0087BBF1 /* DatePickerTests.xctest */,
				459D003B1F9D9E1D0087BBF1 /* DatePickerUITests.xctest */,
			);
			name = Products;
			sourceTree = "<group>";
		};
		459D001A1F9D9E1D0087BBF1 /* DatePicker */ = {
			isa = PBXGroup;
			children = (
				459D001B1F9D9E1D0087BBF1 /* AppDelegate.h */,
				459D001C1F9D9E1D0087BBF1 /* AppDelegate.m */,
				459D001E1F9D9E1D0087BBF1 /* ViewController.h */,
				459D001F1F9D9E1D0087BBF1 /* ViewController.m */,
				459D00211F9D9E1D0087BBF1 /* Main.storyboard */,
				459D00241F9D9E1D0087BBF1 /* Assets.xcassets */,
				459D00261F9D9E1D0087BBF1 /* LaunchScreen.storyboard */,
				459D00291F9D9E1D0087BBF1 /* Info.plist */,
				459D002A1F9D9E1D0087BBF1 /* main.m */,
			);
			path = DatePicker;
			sourceTree = "<group>";
		};
		459D00331F9D9E1D0087BBF1 /* DatePickerTests */ = {
			isa = PBXGroup;
			children = (
				459D00341F9D9E1D0087BBF1 /* DatePickerTests.m */,
				459D00361F9D9E1D0087BBF1 /* Info.plist */,
			);
			path = DatePickerTests;
			sourceTree = "<group>";
		};
		459D003E1F9D9E1D0087BBF1 /* DatePickerUITests */ = {
			isa = PBXGroup;
			children = (
				459D003F1F9D9E1D0087BBF1 /* DatePickerUITests.m */,
				459D00411F9D9E1D0087BBF1 /* Info.plist */,
			);
			path = DatePickerUITests;
			sourceTree = "<group>";
		};
/* End PBXGroup section */

/* Begin PBXNativeTarget section */
		459D00171F9D9E1D0087BBF1 /* DatePicker */ = {
			isa = PBXNativeTarget;
			buildConfigurationList = 459D00441F9D9E1D0087BBF1 /* Build configuration list for PBXNativeTarget "DatePicker" */;
			buildPhases = (
				459D00141F9D9E1D0087BBF1 /* Sources */,
				459D00151F9D9E1D0087BBF1 /* Frameworks */,
				459D00161F9D9E1D0087BBF1 /* Resources */,
			);
			buildRules = (
			);
			dependencies = (
			);
			name = DatePicker;
			productName = DatePicker;
			productReference = 459D00181F9D9E1D0087BBF1 /* DatePicker.app */;
			productType = "com.apple.product-type.application";
		};
		459D002F1F9D9E1D0087BBF1 /* DatePickerTests */ = {
			isa = PBXNativeTarget;
			buildConfigurationList = 459D00471F9D9E1D0087BBF1 /* Build configuration list for PBXNativeTarget "DatePickerTests" */;
			buildPhases = (
				459D002C1F9D9E1D0087BBF1 /* Sources */,
				459D002D1F9D9E1D0087BBF1 /* Frameworks */,
				459D002E1F9D9E1D0087BBF1 /* Resources */,
			);
			buildRules = (
			);
			dependencies = (
				459D00321F9D9E1D0087BBF1 /* PBXTargetDependency */,
			);
			name = DatePickerTests;
			productName = DatePickerTests;
			productReference = 459D00301F9D9E1D0087BBF1 /* DatePickerTests.xctest */;
			productType = "com.apple.product-type.bundle.unit-test";
		};
		459D003A1F9D9E1D0087BBF1 /* DatePickerUITests */ = {
			isa = PBXNativeTarget;
			buildConfigurationList = 459D004A1F9D9E1D0087BBF1 /* Build configuration list for PBXNativeTarget "DatePickerUITests" */;
			buildPhases = (
				459D00371F9D9E1D0087BBF1 /* Sources */,
				459D00381F9D9E1D0087BBF1 /* Frameworks */,
				459D00391F9D9E1D0087BBF1 /* Resources */,
			);
			buildRules = (
			);
			dependencies = (
				459D003D1F9D9E1D0087BBF1 /* PBXTargetDependency */,
			);
			name = DatePickerUITests;
			productName = DatePickerUITests;
			productReference = 459D003B1F9D9E1D0087BBF1 /* DatePickerUITests.xctest */;
			productType = "com.apple.product-type.bundle.ui-testing";
		};
/* End PBXNativeTarget section */

/* Begin PBXProject section */
		459D00101F9D9E1D0087BBF1 /* Project object */ = {
			isa = PBXProject;
			attributes = {
				LastUpgradeCheck = 0900;
				ORGANIZATIONNAME = DatePicker;
				TargetAttributes = {
					459D00171F9D9E1D0087BBF1 = {
						CreatedOnToolsVersion = 9.0;
						ProvisioningStyle = Automatic;
					};
					459D002F1F9D9E1D0087BBF1 = {
						CreatedOnToolsVersion = 9.0;
						ProvisioningStyle = Automatic;
						TestTargetID = 459D00171F9D9E1D0087BBF1;
					};
					459D003A1F9D9E1D0087BBF1 = {
						CreatedOnToolsVersion = 9.0;
						ProvisioningStyle = Automatic;
						TestTargetID = 459D00171F9D9E1D0087BBF1;
					};
				};
			};
			buildConfigurationList = 459D00131F9D9E1D0087BBF1 /* Build configuration list for PBXProject "DatePicker" */;
			compatibilityVersion = "Xcode 8.0";
			developmentRegion = en;
			hasScannedForEncodings = 0;
			knownRegions = (
				en,
				Base,
			);
			mainGroup = 459D000F1F9D9E1D0087BBF1;
			productRefGroup = 459D00191F9D9E1D0087BBF1 /* Products */;
			projectDirPath = "";
			projectRoot = "";
			targets = (
				459D00171F9D9E1D0087BBF1 /* DatePicker */,
				459D002F1F9D9E1D0087BBF1 /* DatePickerTests */,
				459D003A1F9D9E1D0087BBF1 /* DatePickerUITests */,
			);
		};
/* End PBXProject section */

/* Begin PBXResourcesBuildPhase section */
		459D00161F9D9E1D0087BBF1 /* Resources */ = {
			isa = PBXResourcesBuildPhase;
			buildActionMask = 2147483647;
			files = (
				459D00281F9D9E1D0087BBF1 /* LaunchScreen.storyboard in Resources */,
				459D00251F9D9E1D0087BBF1 /* Assets.xcassets in Resources */,
				459D00231F9D9E1D0087BBF1 /* Main.storyboard in Resources */,
			);
			runOnlyForDeploymentPostprocessing = 0;
		};
		459D002E1F9D9E1D0087BBF1 /* Resources */ = {
			isa = PBXResourcesBuildPhase;
			buildActionMask = 2147483647;
			files = (
			);
			runOnlyForDeploymentPostprocessing = 0;
		};
		459D00391F9D9E1D0087BBF1 /* Resources */ = {
			isa = PBXResourcesBuildPhase;
			buildActionMask = 2147483647;
			files = (
			);
			runOnlyForDeploymentPostprocessing = 0;
		};
/* End PBXResourcesBuildPhase section */

/* Begin PBXSourcesBuildPhase section */
		459D00141F9D9E1D0087BBF1 /* Sources */ = {
			isa = PBXSourcesBuildPhase;
			buildActionMask = 2147483647;
			files = (
				459D00201F9D9E1D0087BBF1 /* ViewController.m in Sources */,
				459D002B1F9D9E1D0087BBF1 /* main.m in Sources */,
				459D001D1F9D9E1D0087BBF1 /* AppDelegate.m in Sources */,
			);
			runOnlyForDeploymentPostprocessing = 0;
		};
		459D002C1F9D9E1D0087BBF1 /* Sources */ = {
			isa = PBXSourcesBuildPhase;
			buildActionMask = 2147483647;
			files = (
				459D00351F9D9E1D0087BBF1 /* DatePickerTests.m in Sources */,
			);
			runOnlyForDeploymentPostprocessing = 0;
		};
		459D00371F9D9E1D0087BBF1 /* Sources */ = {
			isa = PBXSourcesBuildPhase;
			buildActionMask = 2147483647;
			files = (
				459D00401F9D9E1D0087BBF1 /* DatePickerUITests.m in Sources */,
			);
			runOnlyForDeploymentPostprocessing = 0;
		};
/* End PBXSourcesBuildPhase section */

/* Begin PBXTargetDependency section */
		459D00321F9D9E1D0087BBF1 /* PBXTargetDependency */ = {
			isa = PBXTargetDependency;
			target = 459D00171F9D9E1D0087BBF1 /* DatePicker */;
			targetProxy = 459D00311F9D9E1D0087BBF1 /* PBXContainerItemProxy */;
		};
		459D003D1F9D9E1D0087BBF1 /* PBXTargetDependency */ = {
			isa = PBXTargetDependency;
			target = 459D00171F9D9E1D0087BBF1 /* DatePicker */;
			targetProxy = 459D003C1F9D9E1D0087BBF1 /* PBXContainerItemProxy */;
		};
/* End PBXTargetDependency section */

/* Begin PBXVariantGroup section */
		459D00211F9D9E1D0087BBF1 /* Main.storyboard */ = {
			isa = PBXVariantGroup;
			children = (
				459D00221F9D9E1D0087BBF1 /* Base */,
			);
			name = Main.storyboard;
			sourceTree = "<group>";
		};
		459D00261F9D9E1D0087BBF1 /* LaunchScreen.storyboard */ = {
			isa = PBXVariantGroup;
			children = (
				459D00271F9D9E1D0087BBF1 /* Base */,
			);
			name = LaunchScreen.storyboard;
			sourceTree = "<group>";
		};
/* End PBXVariantGroup section */

/* Begin XCBuildConfiguration section */
		459D00421F9D9E1D0087BBF1 /* Debug */ = {
			isa = XCBuildConfiguration;
			buildSettings = {
				ALWAYS_SEARCH_USER_PATHS = NO;
				CLANG_ANALYZER_NONNULL = YES;
				CLANG_ANALYZER_NUMBER_OBJECT_CONVERSION = YES_AGGRESSIVE;
				CLANG_CXX_LANGUAGE_STANDARD = "gnu++14";
				CLANG_CXX_LIBRARY = "libc++";
				CLANG_ENABLE_MODULES = YES;
				CLANG_ENABLE_OBJC_ARC = YES;
				CLANG_WARN_BLOCK_CAPTURE_AUTORELEASING = YES;
				CLANG_WARN_BOOL_CONVERSION = YES;
				CLANG_WARN_COMMA = YES;
				CLANG_WARN_CONSTANT_CONVERSION = YES;
				CLANG_WARN_DIRECT_OBJC_ISA_USAGE = YES_ERROR;
				CLANG_WARN_DOCUMENTATION_COMMENTS = YES;
				CLANG_WARN_EMPTY_BODY = YES;
				CLANG_WARN_ENUM_CONVERSION = YES;
				CLANG_WARN_INFINITE_RECURSION = YES;
				CLANG_WARN_INT_CONVERSION = YES;
				CLANG_WARN_NON_LITERAL_NULL_CONVERSION = YES;
				CLANG_WARN_OBJC_LITERAL_CONVERSION = YES;
				CLANG_WARN_OBJC_ROOT_CLASS = YES_ERROR;
				CLANG_WARN_RANGE_LOOP_ANALYSIS = YES;
				CLANG_WARN_STRICT_PROTOTYPES = YES;
				CLANG_WARN_SUSPICIOUS_MOVE = YES;
				CLANG_WARN_UNGUARDED_AVAILABILITY = YES_AGGRESSIVE;
				CLANG_WARN_UNREACHABLE_CODE = YES;
				CLANG_WARN__DUPLICATE_METHOD_MATCH = YES;
				CODE_SIGN_IDENTITY = "iPhone Developer";
				COPY_PHASE_STRIP = NO;
				DEBUG_INFORMATION_FORMAT = dwarf;
				ENABLE_STRICT_OBJC_MSGSEND = YES;
				ENABLE_TESTABILITY = YES;
				GCC_C_LANGUAGE_STANDARD = gnu11;
				GCC_DYNAMIC_NO_PIC = NO;
				GCC_NO_COMMON_BLOCKS = YES;
				GCC_OPTIMIZATION_LEVEL = 0;
				GCC_PREPROCESSOR_DEFINITIONS = (
					"DEBUG=1",
					"$(inherited)",
				);
				GCC_WARN_64_TO_32_BIT_CONVERSION = YES;
				GCC_WARN_ABOUT_RETURN_TYPE = YES_ERROR;
				GCC_WARN_UNDECLARED_SELECTOR = YES;
				GCC_WARN_UNINITIALIZED_AUTOS = YES_AGGRESSIVE;
				GCC_WARN_UNUSED_FUNCTION = YES;
				GCC_WARN_UNUSED_VARIABLE = YES;
				IPHONEOS_DEPLOYMENT_TARGET = 11.0;
				MTL_ENABLE_DEBUG_INFO = YES;
				ONLY_ACTIVE_ARCH = YES;
				SDKROOT = iphoneos;
			};
			name = Debug;
		};
		459D00431F9D9E1D0087BBF1 /* Release */ = {
			isa = XCBuildConfiguration;
			buildSettings = {
				ALWAYS_SEARCH_USER_PATHS = NO;
				CLANG_ANALYZER_NONNULL = YES;
				CLANG_ANALYZER_NUMBER_OBJECT_CONVERSION = YES_AGGRESSIVE;
				CLANG_CXX_LANGUAGE_STANDARD = "gnu++14";
				CLANG_CXX_LIBRARY = "libc++";
				CLANG_ENABLE_MODULES = YES;
				CLANG_ENABLE_OBJC_ARC = YES;
				CLANG_WARN_BLOCK_CAPTURE_AUTORELEASING = YES;
				CLANG_WARN_BOOL_CONVERSION = YES;
				CLANG_WARN_COMMA = YES;
				CLANG_WARN_CONSTANT_CONVERSION = YES;
				CLANG_WARN_DIRECT_OBJC_ISA_USAGE = YES_ERROR;
				CLANG_WARN_DOCUMENTATION_COMMENTS = YES;
				CLANG_WARN_EMPTY_BODY = YES;
				CLANG_WARN_ENUM_CONVERSION = YES;
				CLANG_WARN_INFINITE_RECURSION = YES;
				CLANG_WARN_INT_CONVERSION = YES;
				CLANG_WARN_NON_LITERAL_NULL_CONVERSION = YES;
				CLANG_WARN_OBJC_LITERAL_CONVERSION = YES;
				CLANG_WARN_OBJC_ROOT_CLASS = YES_ERROR;
				CLANG_WARN_RANGE_LOOP_ANALYSIS = YES;
				CLANG_WARN_STRICT_PROTOTYPES = YES;
				CLANG_WARN_SUSPICIOUS_MOVE = YES;
				CLANG_WARN_UNGUARDED_AVAILABILITY = YES_AGGRESSIVE;
				CLANG_WARN_UNREACHABLE_CODE = YES;
				CLANG_WARN__DUPLICATE_METHOD_MATCH = YES;
				CODE_SIGN_IDENTITY = "iPhone Developer";
				COPY_PHASE_STRIP = NO;
				DEBUG_INFORMATION_FORMAT = "dwarf-with-dsym";
				ENABLE_NS_ASSERTIONS = NO;
				ENABLE_STRICT_OBJC_MSGSEND = YES;
				GCC_C_LANGUAGE_STANDARD = gnu11;
				GCC_NO_COMMON_BLOCKS = YES;
				GCC_WARN_64_TO_32_BIT_CONVERSION = YES;
				GCC_WARN_ABOUT_RETURN_TYPE = YES_ERROR;
				GCC_WARN_UNDECLARED_SELECTOR = YES;
				GCC_WARN_UNINITIALIZED_AUTOS = YES_AGGRESSIVE;
				GCC_WARN_UNUSED_FUNCTION = YES;
				GCC_WARN_UNUSED_VARIABLE = YES;
				IPHONEOS_DEPLOYMENT_TARGET = 11.0;
				MTL_ENABLE_DEBUG_INFO = NO;
				SDKROOT = iphoneos;
				VALIDATE_PRODUCT = YES;
			};
			name = Release;
		};
		459D00451F9D9E1D0087BBF1 /* Debug */ = {
			isa = XCBuildConfiguration;
			buildSettings = {
				ASSETCATALOG_COMPILER_APPICON_NAME = AppIcon;
				CODE_SIGN_STYLE = Automatic;
				INFOPLIST_FILE = DatePicker/Info.plist;
				LD_RUNPATH_SEARCH_PATHS = "$(inherited) @executable_path/Frameworks";
				PRODUCT_BUNDLE_IDENTIFIER = "com.-DatePicker.a.DatePicker";
				PRODUCT_NAME = "$(TARGET_NAME)";
				TARGETED_DEVICE_FAMILY = "1,2";
			};
			name = Debug;
		};
		459D00461F9D9E1D0087BBF1 /* Release */ = {
			isa = XCBuildConfiguration;
			buildSettings = {
				ASSETCATALOG_COMPILER_APPICON_NAME = AppIcon;
				CODE_SIGN_STYLE = Automatic;
				INFOPLIST_FILE = DatePicker/Info.plist;
				LD_RUNPATH_SEARCH_PATHS = "$(inherited) @executable_path/Frameworks";
				PRODUCT_BUNDLE_IDENTIFIER = "com.-DatePicker.a.DatePicker";
				PRODUCT_NAME = "$(TARGET_NAME)";
				TARGETED_DEVICE_FAMILY = "1,2";
			};
			name = Release;
		};
		459D00481F9D9E1D0087BBF1 /* Debug */ = {
			isa = XCBuildConfiguration;
			buildSettings = {
				BUNDLE_LOADER = "$(TEST_HOST)";
				CODE_SIGN_STYLE = Automatic;
				INFOPLIST_FILE = DatePickerTests/Info.plist;
				LD_RUNPATH_SEARCH_PATHS = "$(inherited) @executable_path/Frameworks @loader_path/Frameworks";
				PRODUCT_BUNDLE_IDENTIFIER = "com.-DatePicker.a.DatePickerTests";
				PRODUCT_NAME = "$(TARGET_NAME)";
				TARGETED_DEVICE_FAMILY = "1,2";
				TEST_HOST = "$(BUILT_PRODUCTS_DIR)/DatePicker.app/DatePicker";
			};
			name = Debug;
		};
		459D00491F9D9E1D0087BBF1 /* Release */ = {
			isa = XCBuildConfiguration;
			buildSettings = {
				BUNDLE_LOADER = "$(TEST_HOST)";
				CODE_SIGN_STYLE = Automatic;
				INFOPLIST_FILE = DatePickerTests/Info.plist;
				LD_RUNPATH_SEARCH_PATHS = "$(inherited) @executable_path/Frameworks @loader_path/Frameworks";
				PRODUCT_BUNDLE_IDENTIFIER = "com.-DatePicker.a.DatePickerTests";
				PRODUCT_NAME = "$(TARGET_NAME)";
				TARGETED_DEVICE_FAMILY = "1,2";
				TEST_HOST = "$(BUILT_PRODUCTS_DIR)/DatePicker.app/DatePicker";
			};
			name = Release;
		};
		459D004B1F9D9E1D0087BBF1 /* Debug */ = {
			isa = XCBuildConfiguration;
			buildSettings = {
				CODE_SIGN_STYLE = Automatic;
				INFOPLIST_FILE = DatePickerUITests/Info.plist;
				LD_RUNPATH_SEARCH_PATHS = "$(inherited) @executable_path/Frameworks @loader_path/Frameworks";
				PRODUCT_BUNDLE_IDENTIFIER = "com.-DatePicker.a.DatePickerUITests";
				PRODUCT_NAME = "$(TARGET_NAME)";
				TARGETED_DEVICE_FAMILY = "1,2";
				TEST_TARGET_NAME = DatePicker;
			};
			name = Debug;
		};
		459D004C1F9D9E1D0087BBF1 /* Release */ = {
			isa = XCBuildConfiguration;
			buildSettings = {
				CODE_SIGN_STYLE = Automatic;
				INFOPLIST_FILE = DatePickerUITests/Info.plist;
				LD_RUNPATH_SEARCH_PATHS = "$(inherited) @executable_path/Frameworks @loader_path/Frameworks";
				PRODUCT_BUNDLE_IDENTIFIER = "com.-DatePicker.a.DatePickerUITests";
				PRODUCT_NAME = "$(TARGET_NAME)";
				TARGETED_DEVICE_FAMILY = "1,2";
				TEST_TARGET_NAME = DatePicker;
			};
			name = Release;
		};
/* End XCBuildConfiguration section */

/* Begin XCConfigurationList section */
		459D00131F9D9E1D0087BBF1 /* Build configuration list for PBXProject "DatePicker" */ = {
			isa = XCConfigurationList;
			buildConfigurations = (
				459D00421F9D9E1D0087BBF1 /* Debug */,
				459D00431F9D9E1D0087BBF1 /* Release */,
			);
			defaultConfigurationIsVisible = 0;
			defaultConfigurationName = Release;
		};
		459D00441F9D9E1D0087BBF1 /* Build configuration list for PBXNativeTarget "DatePicker" */ = {
			isa = XCConfigurationList;
			buildConfigurations = (
				459D00451F9D9E1D0087BBF1 /* Debug */,
				459D00461F9D9E1D0087BBF1 /* Release */,
			);
			defaultConfigurationIsVisible = 0;
			defaultConfigurationName = Release;
		};
		459D00471F9D9E1D0087BBF1 /* Build configuration list for PBXNativeTarget "DatePickerTests" */ = {
			isa = XCConfigurationList;
			buildConfigurations = (
				459D00481F9D9E1D0087BBF1 /* Debug */,
				459D00491F9D9E1D0087BBF1 /* Release */,
			);
			defaultConfigurationIsVisible = 0;
			defaultConfigurationName = Release;
		};
		459D004A1F9D9E1D0087BBF1 /* Build configuration list for PBXNativeTarget "DatePickerUITests" */ = {
			isa = XCConfigurationList;
			buildConfigurations = (
				459D004B1F9D9E1D0087BBF1 /* Debug */,
				459D004C1F9D9E1D0087BBF1 /* Release */,
			);
			defaultConfigurationIsVisible = 0;
			defaultConfigurationName = Release;
		};
/* End XCConfigurationList section */
	};
	rootObject = 459D00101F9D9E1D0087BBF1 /* Project object */;
}
